
Microsoft Visual Studio Solution File, Format Version 12.00
# Visual Studio 15
VisualStudioVersion = 15.0.27428.2027
MinimumVisualStudioVersion = 10.0.40219.1
Project("{2150E333-8FDC-42A3-9474-1A3956D46DE8}") = "src", "src", "{788A14AA-7202-476C-B7B1-8D5DF7C392BD}"
EndProject
Project("{2150E333-8FDC-42A3-9474-1A3956D46DE8}") = "test", "test", "{D6CB8E69-DBF2-484F-BB3E-074D0FBEF705}"
EndProject
Project("{FAE04EC0-301F-11D3-BF4B-00C04F79EFBC}") = "DotNetWheels.Security", "src\DotNetWheels.Security\DotNetWheels.Security.csproj", "{AA51BE28-A976-4528-BE08-400B4AAF20EB}"
EndProject
Global
	GlobalSection(SolutionConfigurationPlatforms) = preSolution
		Debug|Any CPU = Debug|Any CPU
		Release|Any CPU = Release|Any CPU
	EndGlobalSection
	GlobalSection(ProjectConfigurationPlatforms) = postSolution
		{AA51BE28-A976-4528-BE08-400B4AAF20EB}.Debug|Any CPU.ActiveCfg = Debug|Any CPU
		{AA51BE28-A976-4528-BE08-400B4AAF20EB}.Debug|Any CPU.Build.0 = Debug|Any CPU
		{AA51BE28-A976-4528-BE08-400B4AAF20EB}.Release|Any CPU.ActiveCfg = Release|Any CPU
		{AA51BE28-A976-4528-BE08-400B4AAF20EB}.Release|Any CPU.Build.0 = Release|Any CPU
	EndGlobalSection
	GlobalSection(SolutionProperties) = preSolution
		HideSolutionNode = FALSE
	EndGlobalSection
	GlobalSection(NestedProjects) = preSolution
		{AA51BE28-A976-4528-BE08-400B4AAF20EB} = {788A14AA-7202-476C-B7B1-8D5DF7C392BD}
	EndGlobalSection
	GlobalSection(ExtensibilityGlobals) = postSolution
		SolutionGuid = {95F9A7CC-37CF-43B3-8071-0DE3E43017E1}
	EndGlobalSection
EndGlobal
